{
  "name": "src",
  "version": "1.0.0",
  "lockfileVersion": 3,
  "requires": true,
  "packages": {
    "": {
      "name": "src",
      "version": "1.0.0",
      "dependencies": {
        "node-stdio": "^0.1.6"
      }
    },
    "node_modules/node-stdio": {
      "version": "0.1.6",
      "resolved": "https://artifactory.cloud.ingka-system.cn:443/artifactory/api/npm/aidesign-npm-virtual/node-stdio/-/node-stdio-0.1.6.tgz",
      "integrity": "sha512-c44D1eZw42QscCgwIgi+dUHh4ldcolS2qr6FUAMtFUIpcDIuJ4VRRnViNo+nwMVcmGQ/VHW9IOh2vIAxnFGAvA==",
      "engines": {
        "node": ">=4"
      }
    }
  }
}
